// !$*UTF8*$!
{
	archiveVersion = 1;
	classes = {
	};
	objectVersion = 56;
	objects = {

/* Begin PBXBuildFile section */
		10D68C4F2C55323500CC372A /* kitProjectApp.swift in Sources */ = {isa = PBXBuildFile; fileRef = 10D68C4E2C55323500CC372A /* kitProjectApp.swift */; };
		10D68C532C55323800CC372A /* Assets.xcassets in Resources */ = {isa = PBXBuildFile; fileRef = 10D68C522C55323800CC372A /* Assets.xcassets */; };
		10D68C562C55323800CC372A /* Preview Assets.xcassets in Resources */ = {isa = PBXBuildFile; fileRef = 10D68C552C55323800CC372A /* Preview Assets.xcassets */; };
		10D68C602C55323900CC372A /* kitProjectTests.swift in Sources */ = {isa = PBXBuildFile; fileRef = 10D68C5F2C55323900CC372A /* kitProjectTests.swift */; };
		10D68C6A2C55323900CC372A /* kitProjectUITests.swift in Sources */ = {isa = PBXBuildFile; fileRef = 10D68C692C55323900CC372A /* kitProjectUITests.swift */; };
		10D68C6C2C55323900CC372A /* kitProjectUITestsLaunchTests.swift in Sources */ = {isa = PBXBuildFile; fileRef = 10D68C6B2C55323900CC372A /* kitProjectUITestsLaunchTests.swift */; };
		10D68C792C557B6300CC372A /* File.swift in Sources */ = {isa = PBXBuildFile; fileRef = 10D68C782C557B6300CC372A /* File.swift */; };
		10D68C7F2C59380800CC372A /* thirdView.swift in Sources */ = {isa = PBXBuildFile; fileRef = 10D68C7E2C59380800CC372A /* thirdView.swift */; };
		10D68C812C59388400CC372A /* Listcell.swift in Sources */ = {isa = PBXBuildFile; fileRef = 10D68C802C59388400CC372A /* Listcell.swift */; };
		10D68C832C59452100CC372A /* NetworkManager.swift in Sources */ = {isa = PBXBuildFile; fileRef = 10D68C822C59452100CC372A /* NetworkManager.swift */; };
		10D68C872C5BE87F00CC372A /* thirdViewModel.swift in Sources */ = {isa = PBXBuildFile; fileRef = 10D68C862C5BE87F00CC372A /* thirdViewModel.swift */; };
		10D68C892C5E490800CC372A /* Models.swift in Sources */ = {isa = PBXBuildFile; fileRef = 10D68C882C5E490800CC372A /* Models.swift */; };
		10D68C8C2C5E4C1C00CC372A /* TabView.swift in Sources */ = {isa = PBXBuildFile; fileRef = 10D68C8B2C5E4C1C00CC372A /* TabView.swift */; };
		10D68C8E2C5E507A00CC372A /* orderView.swift in Sources */ = {isa = PBXBuildFile; fileRef = 10D68C8D2C5E507A00CC372A /* orderView.swift */; };
		10D68C902C64A02E00CC372A /* OrderListView.swift in Sources */ = {isa = PBXBuildFile; fileRef = 10D68C8F2C64A02E00CC372A /* OrderListView.swift */; };
		10D68C922C65074200CC372A /* UserAccountDetailsView.swift in Sources */ = {isa = PBXBuildFile; fileRef = 10D68C912C65074200CC372A /* UserAccountDetailsView.swift */; };
		10D68C942C65165300CC372A /* UserdefaultManager.swift in Sources */ = {isa = PBXBuildFile; fileRef = 10D68C932C65165300CC372A /* UserdefaultManager.swift */; };
		10D68CCE2C6CDBFF00CC372A /* AppString.swift in Sources */ = {isa = PBXBuildFile; fileRef = 10D68CCD2C6CDBFF00CC372A /* AppString.swift */; };
		10D68CD22C75033400CC372A /* emptyState.swift in Sources */ = {isa = PBXBuildFile; fileRef = 10D68CD12C75033400CC372A /* emptyState.swift */; };
		10D68CD42C75A4B900CC372A /* LocationVM.swift in Sources */ = {isa = PBXBuildFile; fileRef = 10D68CD32C75A4B900CC372A /* LocationVM.swift */; };
		10D68CD62C75A61D00CC372A /* MapView.swift in Sources */ = {isa = PBXBuildFile; fileRef = 10D68CD52C75A61D00CC372A /* MapView.swift */; };
/* End PBXBuildFile section */

/* Begin PBXContainerItemProxy section */
		10D68C5C2C55323900CC372A /* PBXContainerItemProxy */ = {
			isa = PBXContainerItemProxy;
			containerPortal = 10D68C432C55323500CC372A /* Project object */;
			proxyType = 1;
			remoteGlobalIDString = 10D68C4A2C55323500CC372A;
			remoteInfo = kitProject;
		};
		10D68C662C55323900CC372A /* PBXContainerItemProxy */ = {
			isa = PBXContainerItemProxy;
			containerPortal = 10D68C432C55323500CC372A /* Project object */;
			proxyType = 1;
			remoteGlobalIDString = 10D68C4A2C55323500CC372A;
			remoteInfo = kitProject;
		};
/* End PBXContainerItemProxy section */

/* Begin PBXFileReference section */
		10D68C4B2C55323500CC372A /* kitProject.app */ = {isa = PBXFileReference; explicitFileType = wrapper.application; includeInIndex = 0; path = kitProject.app; sourceTree = BUILT_PRODUCTS_DIR; };
		10D68C4E2C55323500CC372A /* kitProjectApp.swift */ = {isa = PBXFileReference; lastKnownFileType = sourcecode.swift; path = kitProjectApp.swift; sourceTree = "<group>"; };
		10D68C522C55323800CC372A /* Assets.xcassets */ = {isa = PBXFileReference; lastKnownFileType = folder.assetcatalog; path = Assets.xcassets; sourceTree = "<group>"; };
		10D68C552C55323800CC372A /* Preview Assets.xcassets */ = {isa = PBXFileReference; lastKnownFileType = folder.assetcatalog; path = "Preview Assets.xcassets"; sourceTree = "<group>"; };
		10D68C5B2C55323900CC372A /* kitProjectTests.xctest */ = {isa = PBXFileReference; explicitFileType = wrapper.cfbundle; includeInIndex = 0; path = kitProjectTests.xctest; sourceTree = BUILT_PRODUCTS_DIR; };
		10D68C5F2C55323900CC372A /* kitProjectTests.swift */ = {isa = PBXFileReference; lastKnownFileType = sourcecode.swift; path = kitProjectTests.swift; sourceTree = "<group>"; };
		10D68C652C55323900CC372A /* kitProjectUITests.xctest */ = {isa = PBXFileReference; explicitFileType = wrapper.cfbundle; includeInIndex = 0; path = kitProjectUITests.xctest; sourceTree = BUILT_PRODUCTS_DIR; };
		10D68C692C55323900CC372A /* kitProjectUITests.swift */ = {isa = PBXFileReference; lastKnownFileType = sourcecode.swift; path = kitProjectUITests.swift; sourceTree = "<group>"; };
		10D68C6B2C55323900CC372A /* kitProjectUITestsLaunchTests.swift */ = {isa = PBXFileReference; lastKnownFileType = sourcecode.swift; path = kitProjectUITestsLaunchTests.swift; sourceTree = "<group>"; };
		10D68C782C557B6300CC372A /* File.swift */ = {isa = PBXFileReference; lastKnownFileType = sourcecode.swift; path = File.swift; sourceTree = "<group>"; };
		10D68C7E2C59380800CC372A /* thirdView.swift */ = {isa = PBXFileReference; lastKnownFileType = sourcecode.swift; path = thirdView.swift; sourceTree = "<group>"; };
		10D68C802C59388400CC372A /* Listcell.swift */ = {isa = PBXFileReference; lastKnownFileType = sourcecode.swift; path = Listcell.swift; sourceTree = "<group>"; };
		10D68C822C59452100CC372A /* NetworkManager.swift */ = {isa = PBXFileReference; lastKnownFileType = sourcecode.swift; path = NetworkManager.swift; sourceTree = "<group>"; };
		10D68C862C5BE87F00CC372A /* thirdViewModel.swift */ = {isa = PBXFileReference; lastKnownFileType = sourcecode.swift; path = thirdViewModel.swift; sourceTree = "<group>"; };
		10D68C882C5E490800CC372A /* Models.swift */ = {isa = PBXFileReference; lastKnownFileType = sourcecode.swift; path = Models.swift; sourceTree = "<group>"; };
		10D68C8B2C5E4C1C00CC372A /* TabView.swift */ = {isa = PBXFileReference; lastKnownFileType = sourcecode.swift; path = TabView.swift; sourceTree = "<group>"; };
		10D68C8D2C5E507A00CC372A /* orderView.swift */ = {isa = PBXFileReference; lastKnownFileType = sourcecode.swift; path = orderView.swift; sourceTree = "<group>"; };
		10D68C8F2C64A02E00CC372A /* OrderListView.swift */ = {isa = PBXFileReference; lastKnownFileType = sourcecode.swift; path = OrderListView.swift; sourceTree = "<group>"; };
		10D68C912C65074200CC372A /* UserAccountDetailsView.swift */ = {isa = PBXFileReference; lastKnownFileType = sourcecode.swift; path = UserAccountDetailsView.swift; sourceTree = "<group>"; };
		10D68C932C65165300CC372A /* UserdefaultManager.swift */ = {isa = PBXFileReference; lastKnownFileType = sourcecode.swift; path = UserdefaultManager.swift; sourceTree = "<group>"; };
		10D68CCD2C6CDBFF00CC372A /* AppString.swift */ = {isa = PBXFileReference; lastKnownFileType = sourcecode.swift; path = AppString.swift; sourceTree = "<group>"; };
		10D68CD12C75033400CC372A /* emptyState.swift */ = {isa = PBXFileReference; lastKnownFileType = sourcecode.swift; path = emptyState.swift; sourceTree = "<group>"; };
		10D68CD32C75A4B900CC372A /* LocationVM.swift */ = {isa = PBXFileReference; lastKnownFileType = sourcecode.swift; path = LocationVM.swift; sourceTree = "<group>"; };
		10D68CD52C75A61D00CC372A /* MapView.swift */ = {isa = PBXFileReference; lastKnownFileType = sourcecode.swift; path = MapView.swift; sourceTree = "<group>"; };
/* End PBXFileReference section */

/* Begin PBXFrameworksBuildPhase section */
		10D68C482C55323500CC372A /* Frameworks */ = {
			isa = PBXFrameworksBuildPhase;
			buildActionMask = 2147483647;
			files = (
			);
			runOnlyForDeploymentPostprocessing = 0;
		};
		10D68C582C55323900CC372A /* Frameworks */ = {
			isa = PBXFrameworksBuildPhase;
			buildActionMask = 2147483647;
			files = (
			);
			runOnlyForDeploymentPostprocessing = 0;
		};
		10D68C622C55323900CC372A /* Frameworks */ = {
			isa = PBXFrameworksBuildPhase;
			buildActionMask = 2147483647;
			files = (
			);
			runOnlyForDeploymentPostprocessing = 0;
		};
/* End PBXFrameworksBuildPhase section */

/* Begin PBXGroup section */
		10D68C422C55323500CC372A = {
			isa = PBXGroup;
			children = (
				10D68C4D2C55323500CC372A /* kitProject */,
				10D68C5E2C55323900CC372A /* kitProjectTests */,
				10D68C682C55323900CC372A /* kitProjectUITests */,
				10D68C4C2C55323500CC372A /* Products */,
			);
			sourceTree = "<group>";
		};
		10D68C4C2C55323500CC372A /* Products */ = {
			isa = PBXGroup;
			children = (
				10D68C4B2C55323500CC372A /* kitProject.app */,
				10D68C5B2C55323900CC372A /* kitProjectTests.xctest */,
				10D68C652C55323900CC372A /* kitProjectUITests.xctest */,
			);
			name = Products;
			sourceTree = "<group>";
		};
		10D68C4D2C55323500CC372A /* kitProject */ = {
			isa = PBXGroup;
			children = (
				10D68C8A2C5E492500CC372A /* Models */,
				10D68CCD2C6CDBFF00CC372A /* AppString.swift */,
				10D68C4E2C55323500CC372A /* kitProjectApp.swift */,
				10D68C8F2C64A02E00CC372A /* OrderListView.swift */,
				10D68C912C65074200CC372A /* UserAccountDetailsView.swift */,
				10D68CD32C75A4B900CC372A /* LocationVM.swift */,
				10D68CD12C75033400CC372A /* emptyState.swift */,
				10D68C7E2C59380800CC372A /* thirdView.swift */,
				10D68C8D2C5E507A00CC372A /* orderView.swift */,
				10D68C862C5BE87F00CC372A /* thirdViewModel.swift */,
				10D68C822C59452100CC372A /* NetworkManager.swift */,
				10D68C802C59388400CC372A /* Listcell.swift */,
				10D68C8B2C5E4C1C00CC372A /* TabView.swift */,
				10D68C782C557B6300CC372A /* File.swift */,
				10D68C522C55323800CC372A /* Assets.xcassets */,
				10D68C542C55323800CC372A /* Preview Content */,
			);
			path = kitProject;
			sourceTree = "<group>";
		};
		10D68C542C55323800CC372A /* Preview Content */ = {
			isa = PBXGroup;
			children = (
				10D68C552C55323800CC372A /* Preview Assets.xcassets */,
			);
			path = "Preview Content";
			sourceTree = "<group>";
		};
		10D68C5E2C55323900CC372A /* kitProjectTests */ = {
			isa = PBXGroup;
			children = (
				10D68C5F2C55323900CC372A /* kitProjectTests.swift */,
			);
			path = kitProjectTests;
			sourceTree = "<group>";
		};
		10D68C682C55323900CC372A /* kitProjectUITests */ = {
			isa = PBXGroup;
			children = (
				10D68C692C55323900CC372A /* kitProjectUITests.swift */,
				10D68C6B2C55323900CC372A /* kitProjectUITestsLaunchTests.swift */,
			);
			path = kitProjectUITests;
			sourceTree = "<group>";
		};
		10D68C8A2C5E492500CC372A /* Models */ = {
			isa = PBXGroup;
			children = (
				10D68C882C5E490800CC372A /* Models.swift */,
				10D68C932C65165300CC372A /* UserdefaultManager.swift */,
				10D68CD52C75A61D00CC372A /* MapView.swift */,
			);
			path = Models;
			sourceTree = "<group>";
		};
/* End PBXGroup section */

/* Begin PBXNativeTarget section */
		10D68C4A2C55323500CC372A /* kitProject */ = {
			isa = PBXNativeTarget;
			buildConfigurationList = 10D68C6F2C55323900CC372A /* Build configuration list for PBXNativeTarget "kitProject" */;
			buildPhases = (
				10D68C472C55323500CC372A /* Sources */,
				10D68C482C55323500CC372A /* Frameworks */,
				10D68C492C55323500CC372A /* Resources */,
			);
			buildRules = (
			);
			dependencies = (
			);
			name = kitProject;
			productName = kitProject;
			productReference = 10D68C4B2C55323500CC372A /* kitProject.app */;
			productType = "com.apple.product-type.application";
		};
		10D68C5A2C55323900CC372A /* kitProjectTests */ = {
			isa = PBXNativeTarget;
			buildConfigurationList = 10D68C722C55323900CC372A /* Build configuration list for PBXNativeTarget "kitProjectTests" */;
			buildPhases = (
				10D68C572C55323900CC372A /* Sources */,
				10D68C582C55323900CC372A /* Frameworks */,
				10D68C592C55323900CC372A /* Resources */,
			);
			buildRules = (
			);
			dependencies = (
				10D68C5D2C55323900CC372A /* PBXTargetDependency */,
			);
			name = kitProjectTests;
			productName = kitProjectTests;
			productReference = 10D68C5B2C55323900CC372A /* kitProjectTests.xctest */;
			productType = "com.apple.product-type.bundle.unit-test";
		};
		10D68C642C55323900CC372A /* kitProjectUITests */ = {
			isa = PBXNativeTarget;
			buildConfigurationList = 10D68C752C55323900CC372A /* Build configuration list for PBXNativeTarget "kitProjectUITests" */;
			buildPhases = (
				10D68C612C55323900CC372A /* Sources */,
				10D68C622C55323900CC372A /* Frameworks */,
				10D68C632C55323900CC372A /* Resources */,
			);
			buildRules = (
			);
			dependencies = (
				10D68C672C55323900CC372A /* PBXTargetDependency */,
			);
			name = kitProjectUITests;
			productName = kitProjectUITests;
			productReference = 10D68C652C55323900CC372A /* kitProjectUITests.xctest */;
			productType = "com.apple.product-type.bundle.ui-testing";
		};
/* End PBXNativeTarget section */

/* Begin PBXProject section */
		10D68C432C55323500CC372A /* Project object */ = {
			isa = PBXProject;
			attributes = {
				BuildIndependentTargetsInParallel = 1;
				LastSwiftUpdateCheck = 1540;
				LastUpgradeCheck = 1540;
				TargetAttributes = {
					10D68C4A2C55323500CC372A = {
						CreatedOnToolsVersion = 15.4;
					};
					10D68C5A2C55323900CC372A = {
						CreatedOnToolsVersion = 15.4;
						TestTargetID = 10D68C4A2C55323500CC372A;
					};
					10D68C642C55323900CC372A = {
						CreatedOnToolsVersion = 15.4;
						TestTargetID = 10D68C4A2C55323500CC372A;
					};
				};
			};
			buildConfigurationList = 10D68C462C55323500CC372A /* Build configuration list for PBXProject "kitProject" */;
			compatibilityVersion = "Xcode 14.0";
			developmentRegion = en;
			hasScannedForEncodings = 0;
			knownRegions = (
				en,
				Base,
			);
			mainGroup = 10D68C422C55323500CC372A;
			productRefGroup = 10D68C4C2C55323500CC372A /* Products */;
			projectDirPath = "";
			projectRoot = "";
			targets = (
				10D68C4A2C55323500CC372A /* kitProject */,
				10D68C5A2C55323900CC372A /* kitProjectTests */,
				10D68C642C55323900CC372A /* kitProjectUITests */,
			);
		};
/* End PBXProject section */

/* Begin PBXResourcesBuildPhase section */
		10D68C492C55323500CC372A /* Resources */ = {
			isa = PBXResourcesBuildPhase;
			buildActionMask = 2147483647;
			files = (
				10D68C562C55323800CC372A /* Preview Assets.xcassets in Resources */,
				10D68C532C55323800CC372A /* Assets.xcassets in Resources */,
			);
			runOnlyForDeploymentPostprocessing = 0;
		};
		10D68C592C55323900CC372A /* Resources */ = {
			isa = PBXResourcesBuildPhase;
			buildActionMask = 2147483647;
			files = (
			);
			runOnlyForDeploymentPostprocessing = 0;
		};
		10D68C632C55323900CC372A /* Resources */ = {
			isa = PBXResourcesBuildPhase;
			buildActionMask = 2147483647;
			files = (
			);
			runOnlyForDeploymentPostprocessing = 0;
		};
/* End PBXResourcesBuildPhase section */

/* Begin PBXSourcesBuildPhase section */
		10D68C472C55323500CC372A /* Sources */ = {
			isa = PBXSourcesBuildPhase;
			buildActionMask = 2147483647;
			files = (
				10D68C8E2C5E507A00CC372A /* orderView.swift in Sources */,
				10D68CD62C75A61D00CC372A /* MapView.swift in Sources */,
				10D68CCE2C6CDBFF00CC372A /* AppString.swift in Sources */,
				10D68C7F2C59380800CC372A /* thirdView.swift in Sources */,
				10D68C792C557B6300CC372A /* File.swift in Sources */,
				10D68C832C59452100CC372A /* NetworkManager.swift in Sources */,
				10D68CD42C75A4B900CC372A /* LocationVM.swift in Sources */,
				10D68CD22C75033400CC372A /* emptyState.swift in Sources */,
				10D68C4F2C55323500CC372A /* kitProjectApp.swift in Sources */,
				10D68C902C64A02E00CC372A /* OrderListView.swift in Sources */,
				10D68C892C5E490800CC372A /* Models.swift in Sources */,
				10D68C922C65074200CC372A /* UserAccountDetailsView.swift in Sources */,
				10D68C872C5BE87F00CC372A /* thirdViewModel.swift in Sources */,
				10D68C8C2C5E4C1C00CC372A /* TabView.swift in Sources */,
				10D68C942C65165300CC372A /* UserdefaultManager.swift in Sources */,
				10D68C812C59388400CC372A /* Listcell.swift in Sources */,
			);
			runOnlyForDeploymentPostprocessing = 0;
		};
		10D68C572C55323900CC372A /* Sources */ = {
			isa = PBXSourcesBuildPhase;
			buildActionMask = 2147483647;
			files = (
				10D68C602C55323900CC372A /* kitProjectTests.swift in Sources */,
			);
			runOnlyForDeploymentPostprocessing = 0;
		};
		10D68C612C55323900CC372A /* Sources */ = {
			isa = PBXSourcesBuildPhase;
			buildActionMask = 2147483647;
			files = (
				10D68C6A2C55323900CC372A /* kitProjectUITests.swift in Sources */,
				10D68C6C2C55323900CC372A /* kitProjectUITestsLaunchTests.swift in Sources */,
			);
			runOnlyForDeploymentPostprocessing = 0;
		};
/* End PBXSourcesBuildPhase section */

/* Begin PBXTargetDependency section */
		10D68C5D2C55323900CC372A /* PBXTargetDependency */ = {
			isa = PBXTargetDependency;
			target = 10D68C4A2C55323500CC372A /* kitProject */;
			targetProxy = 10D68C5C2C55323900CC372A /* PBXContainerItemProxy */;
		};
		10D68C672C55323900CC372A /* PBXTargetDependency */ = {
			isa = PBXTargetDependency;
			target = 10D68C4A2C55323500CC372A /* kitProject */;
			targetProxy = 10D68C662C55323900CC372A /* PBXContainerItemProxy */;
		};
/* End PBXTargetDependency section */

/* Begin XCBuildConfiguration section */
		10D68C6D2C55323900CC372A /* Debug */ = {
			isa = XCBuildConfiguration;
			buildSettings = {
				ALWAYS_SEARCH_USER_PATHS = NO;
				ASSETCATALOG_COMPILER_GENERATE_SWIFT_ASSET_SYMBOL_EXTENSIONS = YES;
				CLANG_ANALYZER_NONNULL = YES;
				CLANG_ANALYZER_NUMBER_OBJECT_CONVERSION = YES_AGGRESSIVE;
				CLANG_CXX_LANGUAGE_STANDARD = "gnu++20";
				CLANG_ENABLE_MODULES = YES;
				CLANG_ENABLE_OBJC_ARC = YES;
				CLANG_ENABLE_OBJC_WEAK = YES;
				CLANG_WARN_BLOCK_CAPTURE_AUTORELEASING = YES;
				CLANG_WARN_BOOL_CONVERSION = YES;
				CLANG_WARN_COMMA = YES;
				CLANG_WARN_CONSTANT_CONVERSION = YES;
				CLANG_WARN_DEPRECATED_OBJC_IMPLEMENTATIONS = YES;
				CLANG_WARN_DIRECT_OBJC_ISA_USAGE = YES_ERROR;
				CLANG_WARN_DOCUMENTATION_COMMENTS = YES;
				CLANG_WARN_EMPTY_BODY = YES;
				CLANG_WARN_ENUM_CONVERSION = YES;
				CLANG_WARN_INFINITE_RECURSION = YES;
				CLANG_WARN_INT_CONVERSION = YES;
				CLANG_WARN_NON_LITERAL_NULL_CONVERSION = YES;
				CLANG_WARN_OBJC_IMPLICIT_RETAIN_SELF = YES;
				CLANG_WARN_OBJC_LITERAL_CONVERSION = YES;
				CLANG_WARN_OBJC_ROOT_CLASS = YES_ERROR;
				CLANG_WARN_QUOTED_INCLUDE_IN_FRAMEWORK_HEADER = YES;
				CLANG_WARN_RANGE_LOOP_ANALYSIS = YES;
				CLANG_WARN_STRICT_PROTOTYPES = YES;
				CLANG_WARN_SUSPICIOUS_MOVE = YES;
				CLANG_WARN_UNGUARDED_AVAILABILITY = YES_AGGRESSIVE;
				CLANG_WARN_UNREACHABLE_CODE = YES;
				CLANG_WARN__DUPLICATE_METHOD_MATCH = YES;
				COPY_PHASE_STRIP = NO;
				DEBUG_INFORMATION_FORMAT = dwarf;
				ENABLE_STRICT_OBJC_MSGSEND = YES;
				ENABLE_TESTABILITY = YES;
				ENABLE_USER_SCRIPT_SANDBOXING = YES;
				GCC_C_LANGUAGE_STANDARD = gnu17;
				GCC_DYNAMIC_NO_PIC = NO;
				GCC_NO_COMMON_BLOCKS = YES;
				GCC_OPTIMIZATION_LEVEL = 0;
				GCC_PREPROCESSOR_DEFINITIONS = (
					"DEBUG=1",
					"$(inherited)",
				);
				GCC_WARN_64_TO_32_BIT_CONVERSION = YES;
				GCC_WARN_ABOUT_RETURN_TYPE = YES_ERROR;
				GCC_WARN_UNDECLARED_SELECTOR = YES;
				GCC_WARN_UNINITIALIZED_AUTOS = YES_AGGRESSIVE;
				GCC_WARN_UNUSED_FUNCTION = YES;
				GCC_WARN_UNUSED_VARIABLE = YES;
				IPHONEOS_DEPLOYMENT_TARGET = 17.5;
				LOCALIZATION_PREFERS_STRING_CATALOGS = YES;
				MTL_ENABLE_DEBUG_INFO = INCLUDE_SOURCE;
				MTL_FAST_MATH = YES;
				ONLY_ACTIVE_ARCH = YES;
				SDKROOT = iphoneos;
				SWIFT_ACTIVE_COMPILATION_CONDITIONS = "DEBUG $(inherited)";
				SWIFT_OPTIMIZATION_LEVEL = "-Onone";
			};
			name = Debug;
		};
		10D68C6E2C55323900CC372A /* Release */ = {
			isa = XCBuildConfiguration;
			buildSettings = {
				ALWAYS_SEARCH_USER_PATHS = NO;
				ASSETCATALOG_COMPILER_GENERATE_SWIFT_ASSET_SYMBOL_EXTENSIONS = YES;
				CLANG_ANALYZER_NONNULL = YES;
				CLANG_ANALYZER_NUMBER_OBJECT_CONVERSION = YES_AGGRESSIVE;
				CLANG_CXX_LANGUAGE_STANDARD = "gnu++20";
				CLANG_ENABLE_MODULES = YES;
				CLANG_ENABLE_OBJC_ARC = YES;
				CLANG_ENABLE_OBJC_WEAK = YES;
				CLANG_WARN_BLOCK_CAPTURE_AUTORELEASING = YES;
				CLANG_WARN_BOOL_CONVERSION = YES;
				CLANG_WARN_COMMA = YES;
				CLANG_WARN_CONSTANT_CONVERSION = YES;
				CLANG_WARN_DEPRECATED_OBJC_IMPLEMENTATIONS = YES;
				CLANG_WARN_DIRECT_OBJC_ISA_USAGE = YES_ERROR;
				CLANG_WARN_DOCUMENTATION_COMMENTS = YES;
				CLANG_WARN_EMPTY_BODY = YES;
				CLANG_WARN_ENUM_CONVERSION = YES;
				CLANG_WARN_INFINITE_RECURSION = YES;
				CLANG_WARN_INT_CONVERSION = YES;
				CLANG_WARN_NON_LITERAL_NULL_CONVERSION = YES;
				CLANG_WARN_OBJC_IMPLICIT_RETAIN_SELF = YES;
				CLANG_WARN_OBJC_LITERAL_CONVERSION = YES;
				CLANG_WARN_OBJC_ROOT_CLASS = YES_ERROR;
				CLANG_WARN_QUOTED_INCLUDE_IN_FRAMEWORK_HEADER = YES;
				CLANG_WARN_RANGE_LOOP_ANALYSIS = YES;
				CLANG_WARN_STRICT_PROTOTYPES = YES;
				CLANG_WARN_SUSPICIOUS_MOVE = YES;
				CLANG_WARN_UNGUARDED_AVAILABILITY = YES_AGGRESSIVE;
				CLANG_WARN_UNREACHABLE_CODE = YES;
				CLANG_WARN__DUPLICATE_METHOD_MATCH = YES;
				COPY_PHASE_STRIP = NO;
				DEBUG_INFORMATION_FORMAT = "dwarf-with-dsym";
				ENABLE_NS_ASSERTIONS = NO;
				ENABLE_STRICT_OBJC_MSGSEND = YES;
				ENABLE_USER_SCRIPT_SANDBOXING = YES;
				GCC_C_LANGUAGE_STANDARD = gnu17;
				GCC_NO_COMMON_BLOCKS = YES;
				GCC_WARN_64_TO_32_BIT_CONVERSION = YES;
				GCC_WARN_ABOUT_RETURN_TYPE = YES_ERROR;
				GCC_WARN_UNDECLARED_SELECTOR = YES;
				GCC_WARN_UNINITIALIZED_AUTOS = YES_AGGRESSIVE;
				GCC_WARN_UNUSED_FUNCTION = YES;
				GCC_WARN_UNUSED_VARIABLE = YES;
				IPHONEOS_DEPLOYMENT_TARGET = 17.5;
				LOCALIZATION_PREFERS_STRING_CATALOGS = YES;
				MTL_ENABLE_DEBUG_INFO = NO;
				MTL_FAST_MATH = YES;
				SDKROOT = iphoneos;
				SWIFT_COMPILATION_MODE = wholemodule;
				VALIDATE_PRODUCT = YES;
			};
			name = Release;
		};
		10D68C702C55323900CC372A /* Debug */ = {
			isa = XCBuildConfiguration;
			buildSettings = {
				ASSETCATALOG_COMPILER_APPICON_NAME = AppIcon;
				ASSETCATALOG_COMPILER_GLOBAL_ACCENT_COLOR_NAME = AccentColor;
				CODE_SIGN_STYLE = Automatic;
				CURRENT_PROJECT_VERSION = 1;
				DEVELOPMENT_ASSET_PATHS = "\"kitProject/Preview Content\"";
				ENABLE_PREVIEWS = YES;
				GENERATE_INFOPLIST_FILE = YES;
				INFOPLIST_KEY_UIApplicationSceneManifest_Generation = YES;
				INFOPLIST_KEY_UIApplicationSupportsIndirectInputEvents = YES;
				INFOPLIST_KEY_UILaunchScreen_Generation = YES;
				INFOPLIST_KEY_UISupportedInterfaceOrientations_iPad = "UIInterfaceOrientationPortrait UIInterfaceOrientationPortraitUpsideDown UIInterfaceOrientationLandscapeLeft UIInterfaceOrientationLandscapeRight";
				INFOPLIST_KEY_UISupportedInterfaceOrientations_iPhone = "UIInterfaceOrientationPortrait UIInterfaceOrientationLandscapeLeft UIInterfaceOrientationLandscapeRight";
				LD_RUNPATH_SEARCH_PATHS = (
					"$(inherited)",
					"@executable_path/Frameworks",
				);
				MARKETING_VERSION = 1.0;
				PRODUCT_BUNDLE_IDENTIFIER = firstdApp.com.kitProject;
				PRODUCT_NAME = "$(TARGET_NAME)";
				SWIFT_EMIT_LOC_STRINGS = YES;
				SWIFT_VERSION = 5.0;
				TARGETED_DEVICE_FAMILY = "1,2";
			};
			name = Debug;
		};
		10D68C712C55323900CC372A /* Release */ = {
			isa = XCBuildConfiguration;
			buildSettings = {
				ASSETCATALOG_COMPILER_APPICON_NAME = AppIcon;
				ASSETCATALOG_COMPILER_GLOBAL_ACCENT_COLOR_NAME = AccentColor;
				CODE_SIGN_STYLE = Automatic;
				CURRENT_PROJECT_VERSION = 1;
				DEVELOPMENT_ASSET_PATHS = "\"kitProject/Preview Content\"";
				ENABLE_PREVIEWS = YES;
				GENERATE_INFOPLIST_FILE = YES;
				INFOPLIST_KEY_UIApplicationSceneManifest_Generation = YES;
				INFOPLIST_KEY_UIApplicationSupportsIndirectInputEvents = YES;
				INFOPLIST_KEY_UILaunchScreen_Generation = YES;
				INFOPLIST_KEY_UISupportedInterfaceOrientations_iPad = "UIInterfaceOrientationPortrait UIInterfaceOrientationPortraitUpsideDown UIInterfaceOrientationLandscapeLeft UIInterfaceOrientationLandscapeRight";
				INFOPLIST_KEY_UISupportedInterfaceOrientations_iPhone = "UIInterfaceOrientationPortrait UIInterfaceOrientationLandscapeLeft UIInterfaceOrientationLandscapeRight";
				LD_RUNPATH_SEARCH_PATHS = (
					"$(inherited)",
					"@executable_path/Frameworks",
				);
				MARKETING_VERSION = 1.0;
				PRODUCT_BUNDLE_IDENTIFIER = firstdApp.com.kitProject;
				PRODUCT_NAME = "$(TARGET_NAME)";
				SWIFT_EMIT_LOC_STRINGS = YES;
				SWIFT_VERSION = 5.0;
				TARGETED_DEVICE_FAMILY = "1,2";
			};
			name = Release;
		};
		10D68C732C55323900CC372A /* Debug */ = {
			isa = XCBuildConfiguration;
			buildSettings = {
				ALWAYS_EMBED_SWIFT_STANDARD_LIBRARIES = YES;
				BUNDLE_LOADER = "$(TEST_HOST)";
				CODE_SIGN_STYLE = Automatic;
				CURRENT_PROJECT_VERSION = 1;
				GENERATE_INFOPLIST_FILE = YES;
				IPHONEOS_DEPLOYMENT_TARGET = 17.5;
				MARKETING_VERSION = 1.0;
				PRODUCT_BUNDLE_IDENTIFIER = firstdApp.com.kitProjectTests;
				PRODUCT_NAME = "$(TARGET_NAME)";
				SWIFT_EMIT_LOC_STRINGS = NO;
				SWIFT_VERSION = 5.0;
				TARGETED_DEVICE_FAMILY = "1,2";
				TEST_HOST = "$(BUILT_PRODUCTS_DIR)/kitProject.app/$(BUNDLE_EXECUTABLE_FOLDER_PATH)/kitProject";
			};
			name = Debug;
		};
		10D68C742C55323900CC372A /* Release */ = {
			isa = XCBuildConfiguration;
			buildSettings = {
				ALWAYS_EMBED_SWIFT_STANDARD_LIBRARIES = YES;
				BUNDLE_LOADER = "$(TEST_HOST)";
				CODE_SIGN_STYLE = Automatic;
				CURRENT_PROJECT_VERSION = 1;
				GENERATE_INFOPLIST_FILE = YES;
				IPHONEOS_DEPLOYMENT_TARGET = 17.5;
				MARKETING_VERSION = 1.0;
				PRODUCT_BUNDLE_IDENTIFIER = firstdApp.com.kitProjectTests;
				PRODUCT_NAME = "$(TARGET_NAME)";
				SWIFT_EMIT_LOC_STRINGS = NO;
				SWIFT_VERSION = 5.0;
				TARGETED_DEVICE_FAMILY = "1,2";
				TEST_HOST = "$(BUILT_PRODUCTS_DIR)/kitProject.app/$(BUNDLE_EXECUTABLE_FOLDER_PATH)/kitProject";
			};
			name = Release;
		};
		10D68C762C55323900CC372A /* Debug */ = {
			isa = XCBuildConfiguration;
			buildSettings = {
				ALWAYS_EMBED_SWIFT_STANDARD_LIBRARIES = YES;
				CODE_SIGN_STYLE = Automatic;
				CURRENT_PROJECT_VERSION = 1;
				GENERATE_INFOPLIST_FILE = YES;
				MARKETING_VERSION = 1.0;
				PRODUCT_BUNDLE_IDENTIFIER = firstdApp.com.kitProjectUITests;
				PRODUCT_NAME = "$(TARGET_NAME)";
				SWIFT_EMIT_LOC_STRINGS = NO;
				SWIFT_VERSION = 5.0;
				TARGETED_DEVICE_FAMILY = "1,2";
				TEST_TARGET_NAME = kitProject;
			};
			name = Debug;
		};
		10D68C772C55323900CC372A /* Release */ = {
			isa = XCBuildConfiguration;
			buildSettings = {
				ALWAYS_EMBED_SWIFT_STANDARD_LIBRARIES = YES;
				CODE_SIGN_STYLE = Automatic;
				CURRENT_PROJECT_VERSION = 1;
				GENERATE_INFOPLIST_FILE = YES;
				MARKETING_VERSION = 1.0;
				PRODUCT_BUNDLE_IDENTIFIER = firstdApp.com.kitProjectUITests;
				PRODUCT_NAME = "$(TARGET_NAME)";
				SWIFT_EMIT_LOC_STRINGS = NO;
				SWIFT_VERSION = 5.0;
				TARGETED_DEVICE_FAMILY = "1,2";
				TEST_TARGET_NAME = kitProject;
			};
			name = Release;
		};
/* End XCBuildConfiguration section */

/* Begin XCConfigurationList section */
		10D68C462C55323500CC372A /* Build configuration list for PBXProject "kitProject" */ = {
			isa = XCConfigurationList;
			buildConfigurations = (
				10D68C6D2C55323900CC372A /* Debug */,
				10D68C6E2C55323900CC372A /* Release */,
			);
			defaultConfigurationIsVisible = 0;
			defaultConfigurationName = Release;
		};
		10D68C6F2C55323900CC372A /* Build configuration list for PBXNativeTarget "kitProject" */ = {
			isa = XCConfigurationList;
			buildConfigurations = (
				10D68C702C55323900CC372A /* Debug */,
				10D68C712C55323900CC372A /* Release */,
			);
			defaultConfigurationIsVisible = 0;
			defaultConfigurationName = Release;
		};
		10D68C722C55323900CC372A /* Build configuration list for PBXNativeTarget "kitProjectTests" */ = {
			isa = XCConfigurationList;
			buildConfigurations = (
				10D68C732C55323900CC372A /* Debug */,
				10D68C742C55323900CC372A /* Release */,
			);
			defaultConfigurationIsVisible = 0;
			defaultConfigurationName = Release;
		};
		10D68C752C55323900CC372A /* Build configuration list for PBXNativeTarget "kitProjectUITests" */ = {
			isa = XCConfigurationList;
			buildConfigurations = (
				10D68C762C55323900CC372A /* Debug */,
				10D68C772C55323900CC372A /* Release */,
			);
			defaultConfigurationIsVisible = 0;
			defaultConfigurationName = Release;
		};
/* End XCConfigurationList section */
	};
	rootObject = 10D68C432C55323500CC372A /* Project object */;
}
